{
  "nodes": {
    "crane": {
      "locked": {
        "lastModified": 1728776144,
        "narHash": "sha256-fROVjMcKRoGHofDm8dY3uDUtCMwUICh/KjBFQnuBzfg=",
        "owner": "ipetkov",
        "repo": "crane",
        "rev": "f876e3d905b922502f031aeec1a84490122254b7",
        "type": "github"
      },
      "original": {
        "owner": "ipetkov",
        "repo": "crane",
        "type": "github"
      }
    },
    "flakelight": {
      "inputs": {
        "nixpkgs": "nixpkgs"
      },
      "locked": {
        "lastModified": 1728909663,
        "narHash": "sha256-wgVs9vjHwEhWvmZY+bjgCAS3rdycMuEGLcLSCi8LMpM=",
        "owner": "nix-community",
        "repo": "flakelight",
        "rev": "2b19e7c4dacaffc6d9b5765799cb92f603f1ff43",
        "type": "github"
      },
      "original": {
        "owner": "nix-community",
        "repo": "flakelight",
        "type": "github"
      }
    },
    "nixpkgs": {
      "locked": {
        "lastModified": 1728492678,
        "narHash": "sha256-9UTxR8eukdg+XZeHgxW5hQA9fIKHsKCdOIUycTryeVw=",
        "owner": "NixOS",
        "repo": "nixpkgs",
        "rev": "5633bcff0c6162b9e4b5f1264264611e950c8ec7",
        "type": "github"
      },
      "original": {
        "owner": "NixOS",
        "ref": "nixos-unstable",
        "repo": "nixpkgs",
        "type": "github"
      }
    },
    "root": {
      "inputs": {
        "crane": "crane",
        "flakelight": "flakelight"
      }
    }
  },
  "root": "root",
  "version": 7
}
