{
  "nodes": {
    "crane": {
      "inputs": {
        "nixpkgs": "nixpkgs_2"
      },
      "locked": {
        "lastModified": 1698166613,
        "narHash": "sha256-y4rdN4flxRiROqNi1waMYIZj/Fs7L2OrszFk/1ry9vU=",
        "owner": "ipetkov",
        "repo": "crane",
        "rev": "b7db46f0f1751f7b1d1911f6be7daf568ad5bc65",
        "type": "github"
      },
      "original": {
        "owner": "ipetkov",
        "repo": "crane",
        "type": "github"
      }
    },
    "flakelight": {
      "inputs": {
        "nixpkgs": "nixpkgs"
      },
      "locked": {
        "lastModified": 1698117938,
        "narHash": "sha256-tK7KjvzQwvbsZWsvmI4kolltpZR+/Gr7tw+U9mwp4Pg=",
        "owner": "accelbread",
        "repo": "flakelight",
        "rev": "6d00e0f544ddd7849a9104414c5d76cc15adb8a2",
        "type": "github"
      },
      "original": {
        "owner": "accelbread",
        "repo": "flakelight",
        "type": "github"
      }
    },
    "flakelight-rust": {
      "inputs": {
        "crane": "crane",
        "flakelight": "flakelight_2"
      },
      "locked": {
        "lastModified": 1698372189,
        "narHash": "sha256-40Ek7bPyCQgc/5r5SXYpmRdT13cOyS9Rwn728AVfPTA=",
        "owner": "accelbread",
        "repo": "flakelight-rust",
        "rev": "fc71f50844aff7f9afd9a66bcc734485c6947cc8",
        "type": "github"
      },
      "original": {
        "owner": "accelbread",
        "repo": "flakelight-rust",
        "type": "github"
      }
    },
    "flakelight_2": {
      "inputs": {
        "nixpkgs": "nixpkgs_3"
      },
      "locked": {
        "lastModified": 1698117938,
        "narHash": "sha256-tK7KjvzQwvbsZWsvmI4kolltpZR+/Gr7tw+U9mwp4Pg=",
        "owner": "accelbread",
        "repo": "flakelight",
        "rev": "6d00e0f544ddd7849a9104414c5d76cc15adb8a2",
        "type": "github"
      },
      "original": {
        "owner": "accelbread",
        "repo": "flakelight",
        "type": "github"
      }
    },
    "nixpkgs": {
      "locked": {
        "lastModified": 1692447944,
        "narHash": "sha256-fkJGNjEmTPvqBs215EQU4r9ivecV5Qge5cF/QDLVn3U=",
        "owner": "NixOS",
        "repo": "nixpkgs",
        "rev": "d680ded26da5cf104dd2735a51e88d2d8f487b4d",
        "type": "github"
      },
      "original": {
        "id": "nixpkgs",
        "ref": "nixos-unstable",
        "type": "indirect"
      }
    },
    "nixpkgs_2": {
      "locked": {
        "lastModified": 1697379843,
        "narHash": "sha256-RcnGuJgC2K/UpTy+d32piEoBXq2M+nVFzM3ah/ZdJzg=",
        "owner": "NixOS",
        "repo": "nixpkgs",
        "rev": "12bdeb01ff9e2d3917e6a44037ed7df6e6c3df9d",
        "type": "github"
      },
      "original": {
        "owner": "NixOS",
        "ref": "nixpkgs-unstable",
        "repo": "nixpkgs",
        "type": "github"
      }
    },
    "nixpkgs_3": {
      "locked": {
        "lastModified": 1692447944,
        "narHash": "sha256-fkJGNjEmTPvqBs215EQU4r9ivecV5Qge5cF/QDLVn3U=",
        "owner": "NixOS",
        "repo": "nixpkgs",
        "rev": "d680ded26da5cf104dd2735a51e88d2d8f487b4d",
        "type": "github"
      },
      "original": {
        "id": "nixpkgs",
        "ref": "nixos-unstable",
        "type": "indirect"
      }
    },
    "nixpkgs_4": {
      "locked": {
        "lastModified": 1698134075,
        "narHash": "sha256-foCD+nuKzfh49bIoiCBur4+Fx1nozo+4C/6k8BYk4sg=",
        "owner": "NixOS",
        "repo": "nixpkgs",
        "rev": "8efd5d1e283604f75a808a20e6cde0ef313d07d4",
        "type": "github"
      },
      "original": {
        "id": "nixpkgs",
        "ref": "nixos-unstable",
        "type": "indirect"
      }
    },
    "root": {
      "inputs": {
        "flakelight": "flakelight",
        "flakelight-rust": "flakelight-rust",
        "nixpkgs": "nixpkgs_4"
      }
    }
  },
  "root": "root",
  "version": 7
}
